
Microsoft Visual Studio Solution File, Format Version 12.00
# Visual Studio Express 2013 for Web
VisualStudioVersion = 12.0.30723.0
MinimumVisualStudioVersion = 10.0.40219.1
Project("{FAE04EC0-301F-11D3-BF4B-00C04F79EFBC}") = "breederhub", "breederhub\breederhub.csproj", "{1BBFDA65-F1C3-4926-8CC1-B9CEBD722AB9}"
EndProject
Project("{FAE04EC0-301F-11D3-BF4B-00C04F79EFBC}") = "breederhub.Tests", "breederhub.Tests\breederhub.Tests.csproj", "{F73D318E-0208-4D5E-8669-EFA84571FCC8}"
EndProject
Project("{FAE04EC0-301F-11D3-BF4B-00C04F79EFBC}") = "breederhub.DAL", "breederhub.DAL\breederhub.DAL.csproj", "{B81A9A98-9CDF-42DB-B66E-E69565481975}"
EndProject
Global
	GlobalSection(SolutionConfigurationPlatforms) = preSolution
		Debug|Any CPU = Debug|Any CPU
		Release|Any CPU = Release|Any CPU
	EndGlobalSection
	GlobalSection(ProjectConfigurationPlatforms) = postSolution
		{1BBFDA65-F1C3-4926-8CC1-B9CEBD722AB9}.Debug|Any CPU.ActiveCfg = Debug|Any CPU
		{1BBFDA65-F1C3-4926-8CC1-B9CEBD722AB9}.Debug|Any CPU.Build.0 = Debug|Any CPU
		{1BBFDA65-F1C3-4926-8CC1-B9CEBD722AB9}.Release|Any CPU.ActiveCfg = Release|Any CPU
		{1BBFDA65-F1C3-4926-8CC1-B9CEBD722AB9}.Release|Any CPU.Build.0 = Release|Any CPU
		{F73D318E-0208-4D5E-8669-EFA84571FCC8}.Debug|Any CPU.ActiveCfg = Debug|Any CPU
		{F73D318E-0208-4D5E-8669-EFA84571FCC8}.Debug|Any CPU.Build.0 = Debug|Any CPU
		{F73D318E-0208-4D5E-8669-EFA84571FCC8}.Release|Any CPU.ActiveCfg = Release|Any CPU
		{F73D318E-0208-4D5E-8669-EFA84571FCC8}.Release|Any CPU.Build.0 = Release|Any CPU
		{B81A9A98-9CDF-42DB-B66E-E69565481975}.Debug|Any CPU.ActiveCfg = Debug|Any CPU
		{B81A9A98-9CDF-42DB-B66E-E69565481975}.Debug|Any CPU.Build.0 = Debug|Any CPU
		{B81A9A98-9CDF-42DB-B66E-E69565481975}.Release|Any CPU.ActiveCfg = Release|Any CPU
		{B81A9A98-9CDF-42DB-B66E-E69565481975}.Release|Any CPU.Build.0 = Release|Any CPU
	EndGlobalSection
	GlobalSection(SolutionProperties) = preSolution
		HideSolutionNode = FALSE
	EndGlobalSection
EndGlobal
